{
  "name": "thread-pool",
  "version": "1.0.0",
  "lockfileVersion": 1,
  "requires": true,
  "dependencies": {
    "@types/node": {
      "version": "17.0.41",
      "resolved": "http://registry.m.jd.com/@types/node/download/@types/node-17.0.41.tgz",
      "integrity": "sha1-Fgey/T2gFK5dTRsxvHkqOTSN+5s=",
      "dev": true
    },
    "@types/uuid": {
      "version": "8.3.4",
      "resolved": "http://registry.m.jd.com/@types/uuid/download/@types/uuid-8.3.4.tgz",
      "integrity": "sha1-vYakNhffBZR4fTi3NfVcgFvs8bw=",
      "dev": true
    },
    "fs-extra": {
      "version": "10.1.0",
      "resolved": "http://registry.m.jd.com/fs-extra/download/fs-extra-10.1.0.tgz",
      "integrity": "sha1-Aoc8+8QITd4SfqpfmQXu8jJdGr8=",
      "dev": true,
      "requires": {
        "graceful-fs": "^4.2.0",
        "jsonfile": "^6.0.1",
        "universalify": "^2.0.0"
      }
    },
    "graceful-fs": {
      "version": "4.2.10",
      "resolved": "http://registry.m.jd.com/graceful-fs/download/graceful-fs-4.2.10.tgz",
      "integrity": "sha1-FH06AG2kyjzhRyjHrvwofDZ9emw=",
      "dev": true
    },
    "jsonfile": {
      "version": "6.1.0",
      "resolved": "http://registry.m.jd.com/jsonfile/download/jsonfile-6.1.0.tgz",
      "integrity": "sha1-vFWyY0eTxnnsZAMJTrE2mKbsCq4=",
      "dev": true,
      "requires": {
        "graceful-fs": "^4.1.6",
        "universalify": "^2.0.0"
      }
    },
    "typescript": {
      "version": "4.4.3",
      "resolved": "http://registry.m.jd.com/typescript/download/typescript-4.4.3.tgz",
      "integrity": "sha1-vcVAfKorEJ79T4L+EwZW+XeikyQ=",
      "dev": true
    },
    "universalify": {
      "version": "2.0.0",
      "resolved": "http://registry.m.jd.com/universalify/download/universalify-2.0.0.tgz",
      "integrity": "sha1-daSYTv7cSwiXXFrrc/Uw0C3yVxc=",
      "dev": true
    },
    "uuid": {
      "version": "8.3.2",
      "resolved": "http://registry.m.jd.com/uuid/download/uuid-8.3.2.tgz",
      "integrity": "sha1-gNW1ztJxu5r2xEXyGhoExgbO++I="
    }
  }
}
